
Microsoft Visual Studio Solution File, Format Version 12.00
# Visual Studio Version 17
VisualStudioVersion = 17.12.35521.163
MinimumVisualStudioVersion = 10.0.40219.1
Project("{FAE04EC0-301F-11D3-BF4B-00C04F79EFBC}") = "Day 1", "Day 1\Day 1.csproj", "{701318D4-25D1-472D-A668-29A14B812EA6}"
EndProject
Project("{FAE04EC0-301F-11D3-BF4B-00C04F79EFBC}") = "Day 2", "Day 2\Day 2.csproj", "{20BB6739-A926-4E91-AFE8-7B0D7B6BABA8}"
EndProject
Project("{FAE04EC0-301F-11D3-BF4B-00C04F79EFBC}") = "Day 3", "Day 3\Day 3.csproj", "{091E2C79-9D11-432E-BFC6-05F3DAC648E4}"
EndProject
Project("{FAE04EC0-301F-11D3-BF4B-00C04F79EFBC}") = "Day 4", "Day 4\Day 4.csproj", "{1F973490-1CC0-4E60-BE62-4A615F53A3C3}"
EndProject
Project("{FAE04EC0-301F-11D3-BF4B-00C04F79EFBC}") = "Day 5", "Day 5\Day 5.csproj", "{B0137AA3-6714-4823-ADD1-4B0A28DFD5AB}"
EndProject
Project("{FAE04EC0-301F-11D3-BF4B-00C04F79EFBC}") = "Day 6", "Day 6\Day 6.csproj", "{4C1C4D5E-ACA3-44CD-B3D4-1CA44C1BD70E}"
EndProject
Project("{FAE04EC0-301F-11D3-BF4B-00C04F79EFBC}") = "Day 7", "Day 7\Day 7.csproj", "{28325269-38CC-4219-BE18-A7109CE13DB8}"
EndProject
Global
	GlobalSection(SolutionConfigurationPlatforms) = preSolution
		Debug|Any CPU = Debug|Any CPU
		Release|Any CPU = Release|Any CPU
	EndGlobalSection
	GlobalSection(ProjectConfigurationPlatforms) = postSolution
		{701318D4-25D1-472D-A668-29A14B812EA6}.Debug|Any CPU.ActiveCfg = Debug|Any CPU
		{701318D4-25D1-472D-A668-29A14B812EA6}.Debug|Any CPU.Build.0 = Debug|Any CPU
		{701318D4-25D1-472D-A668-29A14B812EA6}.Release|Any CPU.ActiveCfg = Release|Any CPU
		{701318D4-25D1-472D-A668-29A14B812EA6}.Release|Any CPU.Build.0 = Release|Any CPU
		{20BB6739-A926-4E91-AFE8-7B0D7B6BABA8}.Debug|Any CPU.ActiveCfg = Debug|Any CPU
		{20BB6739-A926-4E91-AFE8-7B0D7B6BABA8}.Debug|Any CPU.Build.0 = Debug|Any CPU
		{20BB6739-A926-4E91-AFE8-7B0D7B6BABA8}.Release|Any CPU.ActiveCfg = Release|Any CPU
		{20BB6739-A926-4E91-AFE8-7B0D7B6BABA8}.Release|Any CPU.Build.0 = Release|Any CPU
		{091E2C79-9D11-432E-BFC6-05F3DAC648E4}.Debug|Any CPU.ActiveCfg = Debug|Any CPU
		{091E2C79-9D11-432E-BFC6-05F3DAC648E4}.Debug|Any CPU.Build.0 = Debug|Any CPU
		{091E2C79-9D11-432E-BFC6-05F3DAC648E4}.Release|Any CPU.ActiveCfg = Release|Any CPU
		{091E2C79-9D11-432E-BFC6-05F3DAC648E4}.Release|Any CPU.Build.0 = Release|Any CPU
		{1F973490-1CC0-4E60-BE62-4A615F53A3C3}.Debug|Any CPU.ActiveCfg = Debug|Any CPU
		{1F973490-1CC0-4E60-BE62-4A615F53A3C3}.Debug|Any CPU.Build.0 = Debug|Any CPU
		{1F973490-1CC0-4E60-BE62-4A615F53A3C3}.Release|Any CPU.ActiveCfg = Release|Any CPU
		{1F973490-1CC0-4E60-BE62-4A615F53A3C3}.Release|Any CPU.Build.0 = Release|Any CPU
		{B0137AA3-6714-4823-ADD1-4B0A28DFD5AB}.Debug|Any CPU.ActiveCfg = Debug|Any CPU
		{B0137AA3-6714-4823-ADD1-4B0A28DFD5AB}.Debug|Any CPU.Build.0 = Debug|Any CPU
		{B0137AA3-6714-4823-ADD1-4B0A28DFD5AB}.Release|Any CPU.ActiveCfg = Release|Any CPU
		{B0137AA3-6714-4823-ADD1-4B0A28DFD5AB}.Release|Any CPU.Build.0 = Release|Any CPU
		{4C1C4D5E-ACA3-44CD-B3D4-1CA44C1BD70E}.Debug|Any CPU.ActiveCfg = Debug|Any CPU
		{4C1C4D5E-ACA3-44CD-B3D4-1CA44C1BD70E}.Debug|Any CPU.Build.0 = Debug|Any CPU
		{4C1C4D5E-ACA3-44CD-B3D4-1CA44C1BD70E}.Release|Any CPU.ActiveCfg = Release|Any CPU
		{4C1C4D5E-ACA3-44CD-B3D4-1CA44C1BD70E}.Release|Any CPU.Build.0 = Release|Any CPU
		{28325269-38CC-4219-BE18-A7109CE13DB8}.Debug|Any CPU.ActiveCfg = Debug|Any CPU
		{28325269-38CC-4219-BE18-A7109CE13DB8}.Debug|Any CPU.Build.0 = Debug|Any CPU
		{28325269-38CC-4219-BE18-A7109CE13DB8}.Release|Any CPU.ActiveCfg = Release|Any CPU
		{28325269-38CC-4219-BE18-A7109CE13DB8}.Release|Any CPU.Build.0 = Release|Any CPU
	EndGlobalSection
	GlobalSection(SolutionProperties) = preSolution
		HideSolutionNode = FALSE
	EndGlobalSection
EndGlobal
